
Microsoft Visual Studio Solution File, Format Version 12.00
# Visual Studio 2015
Project("{FAE04EC0-301F-11D3-BF4B-00C04F79EFBC}") = "SwiftKernelUnityProject", "SwiftKernelUnityProject.csproj", "{E683839A-E73A-52C2-E165-892F82D3868C}"
EndProject
Global
	GlobalSection(SolutionConfigurationPlatforms) = preSolution
		Debug|Any CPU = Debug|Any CPU
		Release|Any CPU = Release|Any CPU
	EndGlobalSection
	GlobalSection(ProjectConfigurationPlatforms) = postSolution
		{E683839A-E73A-52C2-E165-892F82D3868C}.Debug|Any CPU.ActiveCfg = Debug|Any CPU
		{E683839A-E73A-52C2-E165-892F82D3868C}.Debug|Any CPU.Build.0 = Debug|Any CPU
		{E683839A-E73A-52C2-E165-892F82D3868C}.Release|Any CPU.ActiveCfg = Release|Any CPU
		{E683839A-E73A-52C2-E165-892F82D3868C}.Release|Any CPU.Build.0 = Release|Any CPU
	EndGlobalSection
	GlobalSection(SolutionProperties) = preSolution
		HideSolutionNode = FALSE
	EndGlobalSection
EndGlobal
